
Microsoft Visual Studio Solution File, Format Version 12.00
# Visual Studio Version 16
VisualStudioVersion = 16.0.34931.43
MinimumVisualStudioVersion = 10.0.40219.1
Project("{FAE04EC0-301F-11D3-BF4B-00C04F79EFBC}") = "Linq_To_Sql_SqlMetal", "Linq_To_Sql_SqlMetal\Linq_To_Sql_SqlMetal.csproj", "{D296E8F4-02AD-4B6C-8238-4016D2E1B664}"
EndProject
Global
	GlobalSection(SolutionConfigurationPlatforms) = preSolution
		Debug|Any CPU = Debug|Any CPU
		Release|Any CPU = Release|Any CPU
	EndGlobalSection
	GlobalSection(ProjectConfigurationPlatforms) = postSolution
		{D296E8F4-02AD-4B6C-8238-4016D2E1B664}.Debug|Any CPU.ActiveCfg = Debug|Any CPU
		{D296E8F4-02AD-4B6C-8238-4016D2E1B664}.Debug|Any CPU.Build.0 = Debug|Any CPU
		{D296E8F4-02AD-4B6C-8238-4016D2E1B664}.Release|Any CPU.ActiveCfg = Release|Any CPU
		{D296E8F4-02AD-4B6C-8238-4016D2E1B664}.Release|Any CPU.Build.0 = Release|Any CPU
	EndGlobalSection
	GlobalSection(SolutionProperties) = preSolution
		HideSolutionNode = FALSE
	EndGlobalSection
	GlobalSection(ExtensibilityGlobals) = postSolution
		SolutionGuid = {D6309743-B56A-4132-B417-A2CF64A749B9}
	EndGlobalSection
EndGlobal
