
Microsoft Visual Studio Solution File, Format Version 12.00
# Visual Studio Version 16
VisualStudioVersion = 16.0.34931.43
MinimumVisualStudioVersion = 10.0.40219.1
Project("{FAE04EC0-301F-11D3-BF4B-00C04F79EFBC}") = "Day14_Dotnet", "Day14_Dotnet\Day14_Dotnet.csproj", "{93BADEC7-3051-437B-A1BF-2492FEBDDD03}"
EndProject
Global
	GlobalSection(SolutionConfigurationPlatforms) = preSolution
		Debug|Any CPU = Debug|Any CPU
		Release|Any CPU = Release|Any CPU
	EndGlobalSection
	GlobalSection(ProjectConfigurationPlatforms) = postSolution
		{93BADEC7-3051-437B-A1BF-2492FEBDDD03}.Debug|Any CPU.ActiveCfg = Debug|Any CPU
		{93BADEC7-3051-437B-A1BF-2492FEBDDD03}.Debug|Any CPU.Build.0 = Debug|Any CPU
		{93BADEC7-3051-437B-A1BF-2492FEBDDD03}.Release|Any CPU.ActiveCfg = Release|Any CPU
		{93BADEC7-3051-437B-A1BF-2492FEBDDD03}.Release|Any CPU.Build.0 = Release|Any CPU
	EndGlobalSection
	GlobalSection(SolutionProperties) = preSolution
		HideSolutionNode = FALSE
	EndGlobalSection
	GlobalSection(ExtensibilityGlobals) = postSolution
		SolutionGuid = {02281935-5EF5-4E2E-8ADB-5620D1CDACC7}
	EndGlobalSection
EndGlobal
