
Microsoft Visual Studio Solution File, Format Version 12.00
# Visual Studio Version 16
VisualStudioVersion = 16.0.34931.43
MinimumVisualStudioVersion = 10.0.40219.1
Project("{FAE04EC0-301F-11D3-BF4B-00C04F79EFBC}") = "XMLOperations", "XMLOperations\XMLOperations.csproj", "{536B6EE7-A39D-4193-A456-2C0B6420E0FB}"
EndProject
Global
	GlobalSection(SolutionConfigurationPlatforms) = preSolution
		Debug|Any CPU = Debug|Any CPU
		Release|Any CPU = Release|Any CPU
	EndGlobalSection
	GlobalSection(ProjectConfigurationPlatforms) = postSolution
		{536B6EE7-A39D-4193-A456-2C0B6420E0FB}.Debug|Any CPU.ActiveCfg = Debug|Any CPU
		{536B6EE7-A39D-4193-A456-2C0B6420E0FB}.Debug|Any CPU.Build.0 = Debug|Any CPU
		{536B6EE7-A39D-4193-A456-2C0B6420E0FB}.Release|Any CPU.ActiveCfg = Release|Any CPU
		{536B6EE7-A39D-4193-A456-2C0B6420E0FB}.Release|Any CPU.Build.0 = Release|Any CPU
	EndGlobalSection
	GlobalSection(SolutionProperties) = preSolution
		HideSolutionNode = FALSE
	EndGlobalSection
	GlobalSection(ExtensibilityGlobals) = postSolution
		SolutionGuid = {F326D4CC-0C3D-4DC5-AA59-C23A2E6D809D}
	EndGlobalSection
EndGlobal
