
Microsoft Visual Studio Solution File, Format Version 12.00
# Visual Studio Version 16
VisualStudioVersion = 16.0.34931.43
MinimumVisualStudioVersion = 10.0.40219.1
Project("{FAE04EC0-301F-11D3-BF4B-00C04F79EFBC}") = "Day5_Dotnet", "Day5_Dotnet\Day5_Dotnet.csproj", "{A34910EF-1FA3-4525-88AB-4DC7BF8E8615}"
EndProject
Global
	GlobalSection(SolutionConfigurationPlatforms) = preSolution
		Debug|Any CPU = Debug|Any CPU
		Release|Any CPU = Release|Any CPU
	EndGlobalSection
	GlobalSection(ProjectConfigurationPlatforms) = postSolution
		{A34910EF-1FA3-4525-88AB-4DC7BF8E8615}.Debug|Any CPU.ActiveCfg = Debug|Any CPU
		{A34910EF-1FA3-4525-88AB-4DC7BF8E8615}.Debug|Any CPU.Build.0 = Debug|Any CPU
		{A34910EF-1FA3-4525-88AB-4DC7BF8E8615}.Release|Any CPU.ActiveCfg = Release|Any CPU
		{A34910EF-1FA3-4525-88AB-4DC7BF8E8615}.Release|Any CPU.Build.0 = Release|Any CPU
	EndGlobalSection
	GlobalSection(SolutionProperties) = preSolution
		HideSolutionNode = FALSE
	EndGlobalSection
	GlobalSection(ExtensibilityGlobals) = postSolution
		SolutionGuid = {8DDCA447-ACB8-4F65-85AD-711B1F8DD5DF}
	EndGlobalSection
EndGlobal
