
Microsoft Visual Studio Solution File, Format Version 12.00
# Visual Studio Version 16
VisualStudioVersion = 16.0.34931.43
MinimumVisualStudioVersion = 10.0.40219.1
Project("{FAE04EC0-301F-11D3-BF4B-00C04F79EFBC}") = "MVC_EF_Code_First", "MVC_EF_Code_First\MVC_EF_Code_First.csproj", "{830950E2-444C-4AE1-9726-C93ABA6D49A4}"
EndProject
Global
	GlobalSection(SolutionConfigurationPlatforms) = preSolution
		Debug|Any CPU = Debug|Any CPU
		Release|Any CPU = Release|Any CPU
	EndGlobalSection
	GlobalSection(ProjectConfigurationPlatforms) = postSolution
		{830950E2-444C-4AE1-9726-C93ABA6D49A4}.Debug|Any CPU.ActiveCfg = Debug|Any CPU
		{830950E2-444C-4AE1-9726-C93ABA6D49A4}.Debug|Any CPU.Build.0 = Debug|Any CPU
		{830950E2-444C-4AE1-9726-C93ABA6D49A4}.Release|Any CPU.ActiveCfg = Release|Any CPU
		{830950E2-444C-4AE1-9726-C93ABA6D49A4}.Release|Any CPU.Build.0 = Release|Any CPU
	EndGlobalSection
	GlobalSection(SolutionProperties) = preSolution
		HideSolutionNode = FALSE
	EndGlobalSection
	GlobalSection(ExtensibilityGlobals) = postSolution
		SolutionGuid = {1DCA57A3-F3E8-49BD-9020-2C52D7B361D0}
	EndGlobalSection
EndGlobal
