
Microsoft Visual Studio Solution File, Format Version 12.00
# Visual Studio Version 16
VisualStudioVersion = 16.0.34931.43
MinimumVisualStudioVersion = 10.0.40219.1
Project("{FAE04EC0-301F-11D3-BF4B-00C04F79EFBC}") = "AjaxPost_Prj", "AjaxPost_Prj\AjaxPost_Prj.csproj", "{B2EFFCE5-AF55-457C-B6A8-28948F1FF238}"
EndProject
Global
	GlobalSection(SolutionConfigurationPlatforms) = preSolution
		Debug|Any CPU = Debug|Any CPU
		Release|Any CPU = Release|Any CPU
	EndGlobalSection
	GlobalSection(ProjectConfigurationPlatforms) = postSolution
		{B2EFFCE5-AF55-457C-B6A8-28948F1FF238}.Debug|Any CPU.ActiveCfg = Debug|Any CPU
		{B2EFFCE5-AF55-457C-B6A8-28948F1FF238}.Debug|Any CPU.Build.0 = Debug|Any CPU
		{B2EFFCE5-AF55-457C-B6A8-28948F1FF238}.Release|Any CPU.ActiveCfg = Release|Any CPU
		{B2EFFCE5-AF55-457C-B6A8-28948F1FF238}.Release|Any CPU.Build.0 = Release|Any CPU
	EndGlobalSection
	GlobalSection(SolutionProperties) = preSolution
		HideSolutionNode = FALSE
	EndGlobalSection
	GlobalSection(ExtensibilityGlobals) = postSolution
		SolutionGuid = {82D6E04E-1E2B-4B93-9D70-DDBF940521B0}
	EndGlobalSection
EndGlobal
