
Microsoft Visual Studio Solution File, Format Version 12.00
# Visual Studio Version 16
VisualStudioVersion = 16.0.34931.43
MinimumVisualStudioVersion = 10.0.40219.1
Project("{FAE04EC0-301F-11D3-BF4B-00C04F79EFBC}") = "ViewModels_Prj", "ViewModels_Prj\ViewModels_Prj.csproj", "{4698B70E-5B06-4190-83BB-3FD98230E1E9}"
EndProject
Global
	GlobalSection(SolutionConfigurationPlatforms) = preSolution
		Debug|Any CPU = Debug|Any CPU
		Release|Any CPU = Release|Any CPU
	EndGlobalSection
	GlobalSection(ProjectConfigurationPlatforms) = postSolution
		{4698B70E-5B06-4190-83BB-3FD98230E1E9}.Debug|Any CPU.ActiveCfg = Debug|Any CPU
		{4698B70E-5B06-4190-83BB-3FD98230E1E9}.Debug|Any CPU.Build.0 = Debug|Any CPU
		{4698B70E-5B06-4190-83BB-3FD98230E1E9}.Release|Any CPU.ActiveCfg = Release|Any CPU
		{4698B70E-5B06-4190-83BB-3FD98230E1E9}.Release|Any CPU.Build.0 = Release|Any CPU
	EndGlobalSection
	GlobalSection(SolutionProperties) = preSolution
		HideSolutionNode = FALSE
	EndGlobalSection
	GlobalSection(ExtensibilityGlobals) = postSolution
		SolutionGuid = {D1E068A7-7BFD-454B-A06C-D146F7FCCB00}
	EndGlobalSection
EndGlobal
