
Microsoft Visual Studio Solution File, Format Version 12.00
# Visual Studio Version 16
VisualStudioVersion = 16.0.34931.43
MinimumVisualStudioVersion = 10.0.40219.1
Project("{FAE04EC0-301F-11D3-BF4B-00C04F79EFBC}") = "MoqTest", "MoqTest\MoqTest.csproj", "{3311E497-77DA-4F8D-8F2B-93B9AD9034D0}"
EndProject
Project("{FAE04EC0-301F-11D3-BF4B-00C04F79EFBC}") = "ClassLibrary1", "ClassLibrary1\ClassLibrary1.csproj", "{2DD8D058-68A0-46AF-834E-CFCF2E61D160}"
EndProject
Global
	GlobalSection(SolutionConfigurationPlatforms) = preSolution
		Debug|Any CPU = Debug|Any CPU
		Release|Any CPU = Release|Any CPU
	EndGlobalSection
	GlobalSection(ProjectConfigurationPlatforms) = postSolution
		{3311E497-77DA-4F8D-8F2B-93B9AD9034D0}.Debug|Any CPU.ActiveCfg = Debug|Any CPU
		{3311E497-77DA-4F8D-8F2B-93B9AD9034D0}.Debug|Any CPU.Build.0 = Debug|Any CPU
		{3311E497-77DA-4F8D-8F2B-93B9AD9034D0}.Release|Any CPU.ActiveCfg = Release|Any CPU
		{3311E497-77DA-4F8D-8F2B-93B9AD9034D0}.Release|Any CPU.Build.0 = Release|Any CPU
		{2DD8D058-68A0-46AF-834E-CFCF2E61D160}.Debug|Any CPU.ActiveCfg = Debug|Any CPU
		{2DD8D058-68A0-46AF-834E-CFCF2E61D160}.Debug|Any CPU.Build.0 = Debug|Any CPU
		{2DD8D058-68A0-46AF-834E-CFCF2E61D160}.Release|Any CPU.ActiveCfg = Release|Any CPU
		{2DD8D058-68A0-46AF-834E-CFCF2E61D160}.Release|Any CPU.Build.0 = Release|Any CPU
	EndGlobalSection
	GlobalSection(SolutionProperties) = preSolution
		HideSolutionNode = FALSE
	EndGlobalSection
	GlobalSection(ExtensibilityGlobals) = postSolution
		SolutionGuid = {22815605-47DB-4A76-85B4-8D8EF341AF61}
	EndGlobalSection
EndGlobal
