
Microsoft Visual Studio Solution File, Format Version 12.00
# Visual Studio Version 16
VisualStudioVersion = 16.0.34931.43
MinimumVisualStudioVersion = 10.0.40219.1
Project("{FAE04EC0-301F-11D3-BF4B-00C04F79EFBC}") = "FactoryMethodPattern", "FactoryMethodPattern\FactoryMethodPattern.csproj", "{0E172590-7E9A-4110-B53F-EDC67F5CD9AB}"
EndProject
Global
	GlobalSection(SolutionConfigurationPlatforms) = preSolution
		Debug|Any CPU = Debug|Any CPU
		Release|Any CPU = Release|Any CPU
	EndGlobalSection
	GlobalSection(ProjectConfigurationPlatforms) = postSolution
		{0E172590-7E9A-4110-B53F-EDC67F5CD9AB}.Debug|Any CPU.ActiveCfg = Debug|Any CPU
		{0E172590-7E9A-4110-B53F-EDC67F5CD9AB}.Debug|Any CPU.Build.0 = Debug|Any CPU
		{0E172590-7E9A-4110-B53F-EDC67F5CD9AB}.Release|Any CPU.ActiveCfg = Release|Any CPU
		{0E172590-7E9A-4110-B53F-EDC67F5CD9AB}.Release|Any CPU.Build.0 = Release|Any CPU
	EndGlobalSection
	GlobalSection(SolutionProperties) = preSolution
		HideSolutionNode = FALSE
	EndGlobalSection
	GlobalSection(ExtensibilityGlobals) = postSolution
		SolutionGuid = {1788FDD1-025C-4E5C-ADEF-D1EB8985E7B9}
	EndGlobalSection
EndGlobal
